
Microsoft Visual Studio Solution File, Format Version 12.00
# Visual Studio Version 17
VisualStudioVersion = 17.3.32901.215
MinimumVisualStudioVersion = 10.0.40219.1
Project("{9A19103F-16F7-4668-BE54-9A1E7A4F7556}") = "AuthHandler", "AuthHandler\AuthHandler.csproj", "{51F2F1E9-C2AB-443D-8834-890CC78AA5AB}"
EndProject
Project("{FAE04EC0-301F-11D3-BF4B-00C04F79EFBC}") = "SaveUsersToJsonWithOptions", "..\SaveUsersToJsonWithOptions\SaveUsersToJsonWithOptions.csproj", "{97665C79-8CB8-435B-B844-D8780AC520D7}"
EndProject
Project("{FAE04EC0-301F-11D3-BF4B-00C04F79EFBC}") = "JWTTokenAuth", "..\JWTTokenAuth\JWTTokenAuth.csproj", "{22CF66F0-4CAF-41B1-8930-0D7D4F7DA1DA}"
EndProject
Global
	GlobalSection(SolutionConfigurationPlatforms) = preSolution
		Debug|Any CPU = Debug|Any CPU
		Release|Any CPU = Release|Any CPU
	EndGlobalSection
	GlobalSection(ProjectConfigurationPlatforms) = postSolution
		{51F2F1E9-C2AB-443D-8834-890CC78AA5AB}.Debug|Any CPU.ActiveCfg = Debug|Any CPU
		{51F2F1E9-C2AB-443D-8834-890CC78AA5AB}.Debug|Any CPU.Build.0 = Debug|Any CPU
		{51F2F1E9-C2AB-443D-8834-890CC78AA5AB}.Release|Any CPU.ActiveCfg = Release|Any CPU
		{51F2F1E9-C2AB-443D-8834-890CC78AA5AB}.Release|Any CPU.Build.0 = Release|Any CPU
		{97665C79-8CB8-435B-B844-D8780AC520D7}.Debug|Any CPU.ActiveCfg = Debug|Any CPU
		{97665C79-8CB8-435B-B844-D8780AC520D7}.Debug|Any CPU.Build.0 = Debug|Any CPU
		{97665C79-8CB8-435B-B844-D8780AC520D7}.Release|Any CPU.ActiveCfg = Release|Any CPU
		{97665C79-8CB8-435B-B844-D8780AC520D7}.Release|Any CPU.Build.0 = Release|Any CPU
		{22CF66F0-4CAF-41B1-8930-0D7D4F7DA1DA}.Debug|Any CPU.ActiveCfg = Debug|Any CPU
		{22CF66F0-4CAF-41B1-8930-0D7D4F7DA1DA}.Debug|Any CPU.Build.0 = Debug|Any CPU
		{22CF66F0-4CAF-41B1-8930-0D7D4F7DA1DA}.Release|Any CPU.ActiveCfg = Release|Any CPU
		{22CF66F0-4CAF-41B1-8930-0D7D4F7DA1DA}.Release|Any CPU.Build.0 = Release|Any CPU
	EndGlobalSection
	GlobalSection(SolutionProperties) = preSolution
		HideSolutionNode = FALSE
	EndGlobalSection
	GlobalSection(ExtensibilityGlobals) = postSolution
		SolutionGuid = {54557246-0017-467E-8644-CDF1D22BD4EE}
	EndGlobalSection
EndGlobal
